# THIS IS AN AUTOGENERATED FILE. DO NOT EDIT THIS FILE DIRECTLY.
# yarn lockfile v1


debug@^4.1.1:
  version "4.3.4"
  resolved "https://registry.yarnpkg.com/debug/-/debug-4.3.4.tgz#1319f6579357f2338d3337d2cdd4914bb5dcc865"
  integrity sha512-PRWFHuSU3eDtQJPvnNY7Jcket1j0t5OuOsFzPPzsekD52Zl8qUfFIPEiswXqIvHWGVHOgX+7G/vCNNhehwxfkQ==
  dependencies:
    ms "2.1.2"

int64-buffer@^0.99.1007:
  version "0.99.1007"
  resolved "https://registry.yarnpkg.com/int64-buffer/-/int64-buffer-0.99.1007.tgz#211ea089a2fdb960070a2e77cd6d17dc456a5220"
  integrity sha512-XDBEu44oSTqlvCSiOZ/0FoUkpWu/vwjJLGSKDabNISPQNZ5wub1FodGHBljRsrR0IXRPq7SslshZYMuA55CgTQ==

lodash@^4.17.21:
  version "4.17.21"
  resolved "https://registry.yarnpkg.com/lodash/-/lodash-4.17.21.tgz#679591c564c3bffaae8454cf0b3df370c3d6911c"
  integrity sha512-v2kDEe57lecTulaDIuNTPy3Ry4gLGJ6Z1O3vE1krgXZNrsQ+LFTGHVxVjcXPs17LhbZVGedAJv8XZ1tvj5FvSg==

ms@2.1.2:
  version "2.1.2"
  resolved "https://registry.yarnpkg.com/ms/-/ms-2.1.2.tgz#d09d1f357b443f493382a8eb3ccd183872ae6009"
  integrity sha512-sGkPx+VjMtmA6MX27oA4FBFELFCZZ4S4XqeGOXCv68tT+jb3vk/RyaKWP0PTKyWtmLSM0b+adUTEvbs1PEaH2w==

mudlet-map-binary-reader@^0.5.3:
  version "0.5.3"
  resolved "https://registry.yarnpkg.com/mudlet-map-binary-reader/-/mudlet-map-binary-reader-0.5.3.tgz#2d2ddeb081703242f432a7631b3462638f8b6d98"
  integrity sha512-YzN8LEA5X7EMI8yoUJ58BHPoIlfwOtKGg8QuS1qvuWtQPVIjDFMLXX+QuIW6MyMU2fwVq+UKSMVrTaKAJ1NNsw==
  dependencies:
    lodash "^4.17.21"
    qtdatastream "^1.1.0"

qtdatastream@^1.1.0:
  version "1.1.0"
  resolved "https://registry.yarnpkg.com/qtdatastream/-/qtdatastream-1.1.0.tgz#dcc02e289ffbb06614ab8945385cf99d277a3577"
  integrity sha512-XMcV74byyj5HJXDGco57tOQHvPmgUG80ke3Cn+v0VJYtph3Is+6/1tMk2vQNlJsecsBENrC4yP3DynsEf3mfWA==
  dependencies:
    debug "^4.1.1"
    int64-buffer "^0.99.1007"
